// !$*UTF8*$!
{
	archiveVersion = 1;
	classes = {
	};
	objectVersion = 50;
	objects = {

/* Begin PBXBuildFile section */
		95E503772565304500DDD45F /* HeroAndSwipeDownToCloseAnimationsApp.swift in Sources */ = {isa = PBXBuildFile; fileRef = 95E503762565304500DDD45F /* HeroAndSwipeDownToCloseAnimationsApp.swift */; };
		95E503792565304500DDD45F /* ContentView.swift in Sources */ = {isa = PBXBuildFile; fileRef = 95E503782565304500DDD45F /* ContentView.swift */; };
		95E5037B2565304700DDD45F /* Assets.xcassets in Resources */ = {isa = PBXBuildFile; fileRef = 95E5037A2565304700DDD45F /* Assets.xcassets */; };
		95E5037E2565304700DDD45F /* Preview Assets.xcassets in Resources */ = {isa = PBXBuildFile; fileRef = 95E5037D2565304700DDD45F /* Preview Assets.xcassets */; };
		95E503882565308000DDD45F /* TabBar.swift in Sources */ = {isa = PBXBuildFile; fileRef = 95E503872565308000DDD45F /* TabBar.swift */; };
		95E5038C256531A600DDD45F /* Today.swift in Sources */ = {isa = PBXBuildFile; fileRef = 95E5038B256531A600DDD45F /* Today.swift */; };
		95E503902565331000DDD45F /* TodayItem.swift in Sources */ = {isa = PBXBuildFile; fileRef = 95E5038F2565331000DDD45F /* TodayItem.swift */; };
		95E503932565343700DDD45F /* TodayCardView.swift in Sources */ = {isa = PBXBuildFile; fileRef = 95E503922565343700DDD45F /* TodayCardView.swift */; };
		95E50396256538C800DDD45F /* Detail.swift in Sources */ = {isa = PBXBuildFile; fileRef = 95E50395256538C800DDD45F /* Detail.swift */; };
		95E5039A25653A6700DDD45F /* DetailViewModel.swift in Sources */ = {isa = PBXBuildFile; fileRef = 95E5039925653A6700DDD45F /* DetailViewModel.swift */; };
/* End PBXBuildFile section */

/* Begin PBXFileReference section */
		95E503732565304500DDD45F /* HeroAndSwipeDownToCloseAnimations.app */ = {isa = PBXFileReference; explicitFileType = wrapper.application; includeInIndex = 0; path = HeroAndSwipeDownToCloseAnimations.app; sourceTree = BUILT_PRODUCTS_DIR; };
		95E503762565304500DDD45F /* HeroAndSwipeDownToCloseAnimationsApp.swift */ = {isa = PBXFileReference; lastKnownFileType = sourcecode.swift; path = HeroAndSwipeDownToCloseAnimationsApp.swift; sourceTree = "<group>"; };
		95E503782565304500DDD45F /* ContentView.swift */ = {isa = PBXFileReference; lastKnownFileType = sourcecode.swift; path = ContentView.swift; sourceTree = "<group>"; };
		95E5037A2565304700DDD45F /* Assets.xcassets */ = {isa = PBXFileReference; lastKnownFileType = folder.assetcatalog; path = Assets.xcassets; sourceTree = "<group>"; };
		95E5037D2565304700DDD45F /* Preview Assets.xcassets */ = {isa = PBXFileReference; lastKnownFileType = folder.assetcatalog; path = "Preview Assets.xcassets"; sourceTree = "<group>"; };
		95E5037F2565304700DDD45F /* Info.plist */ = {isa = PBXFileReference; lastKnownFileType = text.plist.xml; path = Info.plist; sourceTree = "<group>"; };
		95E503872565308000DDD45F /* TabBar.swift */ = {isa = PBXFileReference; lastKnownFileType = sourcecode.swift; path = TabBar.swift; sourceTree = "<group>"; };
		95E5038B256531A600DDD45F /* Today.swift */ = {isa = PBXFileReference; lastKnownFileType = sourcecode.swift; path = Today.swift; sourceTree = "<group>"; };
		95E5038F2565331000DDD45F /* TodayItem.swift */ = {isa = PBXFileReference; lastKnownFileType = sourcecode.swift; path = TodayItem.swift; sourceTree = "<group>"; };
		95E503922565343700DDD45F /* TodayCardView.swift */ = {isa = PBXFileReference; lastKnownFileType = sourcecode.swift; path = TodayCardView.swift; sourceTree = "<group>"; };
		95E50395256538C800DDD45F /* Detail.swift */ = {isa = PBXFileReference; lastKnownFileType = sourcecode.swift; path = Detail.swift; sourceTree = "<group>"; };
		95E5039925653A6700DDD45F /* DetailViewModel.swift */ = {isa = PBXFileReference; lastKnownFileType = sourcecode.swift; path = DetailViewModel.swift; sourceTree = "<group>"; };
/* End PBXFileReference section */

/* Begin PBXFrameworksBuildPhase section */
		95E503702565304500DDD45F /* Frameworks */ = {
			isa = PBXFrameworksBuildPhase;
			buildActionMask = 2147483647;
			files = (
			);
			runOnlyForDeploymentPostprocessing = 0;
		};
/* End PBXFrameworksBuildPhase section */

/* Begin PBXGroup section */
		95E5036A2565304400DDD45F = {
			isa = PBXGroup;
			children = (
				95E503752565304500DDD45F /* HeroAndSwipeDownToCloseAnimations */,
				95E503742565304500DDD45F /* Products */,
			);
			sourceTree = "<group>";
		};
		95E503742565304500DDD45F /* Products */ = {
			isa = PBXGroup;
			children = (
				95E503732565304500DDD45F /* HeroAndSwipeDownToCloseAnimations.app */,
			);
			name = Products;
			sourceTree = "<group>";
		};
		95E503752565304500DDD45F /* HeroAndSwipeDownToCloseAnimations */ = {
			isa = PBXGroup;
			children = (
				95E5039825653A4100DDD45F /* ViewModel */,
				95E5038E256532ED00DDD45F /* Model */,
				95E503862565306200DDD45F /* View */,
				95E503762565304500DDD45F /* HeroAndSwipeDownToCloseAnimationsApp.swift */,
				95E503782565304500DDD45F /* ContentView.swift */,
				95E5037A2565304700DDD45F /* Assets.xcassets */,
				95E5037F2565304700DDD45F /* Info.plist */,
				95E5037C2565304700DDD45F /* Preview Content */,
			);
			path = HeroAndSwipeDownToCloseAnimations;
			sourceTree = "<group>";
		};
		95E5037C2565304700DDD45F /* Preview Content */ = {
			isa = PBXGroup;
			children = (
				95E5037D2565304700DDD45F /* Preview Assets.xcassets */,
			);
			path = "Preview Content";
			sourceTree = "<group>";
		};
		95E503862565306200DDD45F /* View */ = {
			isa = PBXGroup;
			children = (
				95E503872565308000DDD45F /* TabBar.swift */,
				95E5038B256531A600DDD45F /* Today.swift */,
				95E503922565343700DDD45F /* TodayCardView.swift */,
				95E50395256538C800DDD45F /* Detail.swift */,
			);
			path = View;
			sourceTree = "<group>";
		};
		95E5038E256532ED00DDD45F /* Model */ = {
			isa = PBXGroup;
			children = (
				95E5038F2565331000DDD45F /* TodayItem.swift */,
			);
			path = Model;
			sourceTree = "<group>";
		};
		95E5039825653A4100DDD45F /* ViewModel */ = {
			isa = PBXGroup;
			children = (
				95E5039925653A6700DDD45F /* DetailViewModel.swift */,
			);
			path = ViewModel;
			sourceTree = "<group>";
		};
/* End PBXGroup section */

/* Begin PBXNativeTarget section */
		95E503722565304500DDD45F /* HeroAndSwipeDownToCloseAnimations */ = {
			isa = PBXNativeTarget;
			buildConfigurationList = 95E503822565304700DDD45F /* Build configuration list for PBXNativeTarget "HeroAndSwipeDownToCloseAnimations" */;
			buildPhases = (
				95E5036F2565304500DDD45F /* Sources */,
				95E503702565304500DDD45F /* Frameworks */,
				95E503712565304500DDD45F /* Resources */,
			);
			buildRules = (
			);
			dependencies = (
			);
			name = HeroAndSwipeDownToCloseAnimations;
			productName = HeroAndSwipeDownToCloseAnimations;
			productReference = 95E503732565304500DDD45F /* HeroAndSwipeDownToCloseAnimations.app */;
			productType = "com.apple.product-type.application";
		};
/* End PBXNativeTarget section */

/* Begin PBXProject section */
		95E5036B2565304400DDD45F /* Project object */ = {
			isa = PBXProject;
			attributes = {
				LastSwiftUpdateCheck = 1220;
				LastUpgradeCheck = 1220;
				TargetAttributes = {
					95E503722565304500DDD45F = {
						CreatedOnToolsVersion = 12.2;
					};
				};
			};
			buildConfigurationList = 95E5036E2565304400DDD45F /* Build configuration list for PBXProject "HeroAndSwipeDownToCloseAnimations" */;
			compatibilityVersion = "Xcode 9.3";
			developmentRegion = en;
			hasScannedForEncodings = 0;
			knownRegions = (
				en,
				Base,
			);
			mainGroup = 95E5036A2565304400DDD45F;
			productRefGroup = 95E503742565304500DDD45F /* Products */;
			projectDirPath = "";
			projectRoot = "";
			targets = (
				95E503722565304500DDD45F /* HeroAndSwipeDownToCloseAnimations */,
			);
		};
/* End PBXProject section */

/* Begin PBXResourcesBuildPhase section */
		95E503712565304500DDD45F /* Resources */ = {
			isa = PBXResourcesBuildPhase;
			buildActionMask = 2147483647;
			files = (
				95E5037E2565304700DDD45F /* Preview Assets.xcassets in Resources */,
				95E5037B2565304700DDD45F /* Assets.xcassets in Resources */,
			);
			runOnlyForDeploymentPostprocessing = 0;
		};
/* End PBXResourcesBuildPhase section */

/* Begin PBXSourcesBuildPhase section */
		95E5036F2565304500DDD45F /* Sources */ = {
			isa = PBXSourcesBuildPhase;
			buildActionMask = 2147483647;
			files = (
				95E503932565343700DDD45F /* TodayCardView.swift in Sources */,
				95E50396256538C800DDD45F /* Detail.swift in Sources */,
				95E503882565308000DDD45F /* TabBar.swift in Sources */,
				95E503902565331000DDD45F /* TodayItem.swift in Sources */,
				95E503792565304500DDD45F /* ContentView.swift in Sources */,
				95E503772565304500DDD45F /* HeroAndSwipeDownToCloseAnimationsApp.swift in Sources */,
				95E5038C256531A600DDD45F /* Today.swift in Sources */,
				95E5039A25653A6700DDD45F /* DetailViewModel.swift in Sources */,
			);
			runOnlyForDeploymentPostprocessing = 0;
		};
/* End PBXSourcesBuildPhase section */

/* Begin XCBuildConfiguration section */
		95E503802565304700DDD45F /* Debug */ = {
			isa = XCBuildConfiguration;
			buildSettings = {
				ALWAYS_SEARCH_USER_PATHS = NO;
				CLANG_ANALYZER_NONNULL = YES;
				CLANG_ANALYZER_NUMBER_OBJECT_CONVERSION = YES_AGGRESSIVE;
				CLANG_CXX_LANGUAGE_STANDARD = "gnu++14";
				CLANG_CXX_LIBRARY = "libc++";
				CLANG_ENABLE_MODULES = YES;
				CLANG_ENABLE_OBJC_ARC = YES;
				CLANG_ENABLE_OBJC_WEAK = YES;
				CLANG_WARN_BLOCK_CAPTURE_AUTORELEASING = YES;
				CLANG_WARN_BOOL_CONVERSION = YES;
				CLANG_WARN_COMMA = YES;
				CLANG_WARN_CONSTANT_CONVERSION = YES;
				CLANG_WARN_DEPRECATED_OBJC_IMPLEMENTATIONS = YES;
				CLANG_WARN_DIRECT_OBJC_ISA_USAGE = YES_ERROR;
				CLANG_WARN_DOCUMENTATION_COMMENTS = YES;
				CLANG_WARN_EMPTY_BODY = YES;
				CLANG_WARN_ENUM_CONVERSION = YES;
				CLANG_WARN_INFINITE_RECURSION = YES;
				CLANG_WARN_INT_CONVERSION = YES;
				CLANG_WARN_NON_LITERAL_NULL_CONVERSION = YES;
				CLANG_WARN_OBJC_IMPLICIT_RETAIN_SELF = YES;
				CLANG_WARN_OBJC_LITERAL_CONVERSION = YES;
				CLANG_WARN_OBJC_ROOT_CLASS = YES_ERROR;
				CLANG_WARN_QUOTED_INCLUDE_IN_FRAMEWORK_HEADER = YES;
				CLANG_WARN_RANGE_LOOP_ANALYSIS = YES;
				CLANG_WARN_STRICT_PROTOTYPES = YES;
				CLANG_WARN_SUSPICIOUS_MOVE = YES;
				CLANG_WARN_UNGUARDED_AVAILABILITY = YES_AGGRESSIVE;
				CLANG_WARN_UNREACHABLE_CODE = YES;
				CLANG_WARN__DUPLICATE_METHOD_MATCH = YES;
				COPY_PHASE_STRIP = NO;
				DEBUG_INFORMATION_FORMAT = dwarf;
				ENABLE_STRICT_OBJC_MSGSEND = YES;
				ENABLE_TESTABILITY = YES;
				GCC_C_LANGUAGE_STANDARD = gnu11;
				GCC_DYNAMIC_NO_PIC = NO;
				GCC_NO_COMMON_BLOCKS = YES;
				GCC_OPTIMIZATION_LEVEL = 0;
				GCC_PREPROCESSOR_DEFINITIONS = (
					"DEBUG=1",
					"$(inherited)",
				);
				GCC_WARN_64_TO_32_BIT_CONVERSION = YES;
				GCC_WARN_ABOUT_RETURN_TYPE = YES_ERROR;
				GCC_WARN_UNDECLARED_SELECTOR = YES;
				GCC_WARN_UNINITIALIZED_AUTOS = YES_AGGRESSIVE;
				GCC_WARN_UNUSED_FUNCTION = YES;
				GCC_WARN_UNUSED_VARIABLE = YES;
				IPHONEOS_DEPLOYMENT_TARGET = 14.2;
				MTL_ENABLE_DEBUG_INFO = INCLUDE_SOURCE;
				MTL_FAST_MATH = YES;
				ONLY_ACTIVE_ARCH = YES;
				SDKROOT = iphoneos;
				SWIFT_ACTIVE_COMPILATION_CONDITIONS = DEBUG;
				SWIFT_OPTIMIZATION_LEVEL = "-Onone";
			};
			name = Debug;
		};
		95E503812565304700DDD45F /* Release */ = {
			isa = XCBuildConfiguration;
			buildSettings = {
				ALWAYS_SEARCH_USER_PATHS = NO;
				CLANG_ANALYZER_NONNULL = YES;
				CLANG_ANALYZER_NUMBER_OBJECT_CONVERSION = YES_AGGRESSIVE;
				CLANG_CXX_LANGUAGE_STANDARD = "gnu++14";
				CLANG_CXX_LIBRARY = "libc++";
				CLANG_ENABLE_MODULES = YES;
				CLANG_ENABLE_OBJC_ARC = YES;
				CLANG_ENABLE_OBJC_WEAK = YES;
				CLANG_WARN_BLOCK_CAPTURE_AUTORELEASING = YES;
				CLANG_WARN_BOOL_CONVERSION = YES;
				CLANG_WARN_COMMA = YES;
				CLANG_WARN_CONSTANT_CONVERSION = YES;
				CLANG_WARN_DEPRECATED_OBJC_IMPLEMENTATIONS = YES;
				CLANG_WARN_DIRECT_OBJC_ISA_USAGE = YES_ERROR;
				CLANG_WARN_DOCUMENTATION_COMMENTS = YES;
				CLANG_WARN_EMPTY_BODY = YES;
				CLANG_WARN_ENUM_CONVERSION = YES;
				CLANG_WARN_INFINITE_RECURSION = YES;
				CLANG_WARN_INT_CONVERSION = YES;
				CLANG_WARN_NON_LITERAL_NULL_CONVERSION = YES;
				CLANG_WARN_OBJC_IMPLICIT_RETAIN_SELF = YES;
				CLANG_WARN_OBJC_LITERAL_CONVERSION = YES;
				CLANG_WARN_OBJC_ROOT_CLASS = YES_ERROR;
				CLANG_WARN_QUOTED_INCLUDE_IN_FRAMEWORK_HEADER = YES;
				CLANG_WARN_RANGE_LOOP_ANALYSIS = YES;
				CLANG_WARN_STRICT_PROTOTYPES = YES;
				CLANG_WARN_SUSPICIOUS_MOVE = YES;
				CLANG_WARN_UNGUARDED_AVAILABILITY = YES_AGGRESSIVE;
				CLANG_WARN_UNREACHABLE_CODE = YES;
				CLANG_WARN__DUPLICATE_METHOD_MATCH = YES;
				COPY_PHASE_STRIP = NO;
				DEBUG_INFORMATION_FORMAT = "dwarf-with-dsym";
				ENABLE_NS_ASSERTIONS = NO;
				ENABLE_STRICT_OBJC_MSGSEND = YES;
				GCC_C_LANGUAGE_STANDARD = gnu11;
				GCC_NO_COMMON_BLOCKS = YES;
				GCC_WARN_64_TO_32_BIT_CONVERSION = YES;
				GCC_WARN_ABOUT_RETURN_TYPE = YES_ERROR;
				GCC_WARN_UNDECLARED_SELECTOR = YES;
				GCC_WARN_UNINITIALIZED_AUTOS = YES_AGGRESSIVE;
				GCC_WARN_UNUSED_FUNCTION = YES;
				GCC_WARN_UNUSED_VARIABLE = YES;
				IPHONEOS_DEPLOYMENT_TARGET = 14.2;
				MTL_ENABLE_DEBUG_INFO = NO;
				MTL_FAST_MATH = YES;
				SDKROOT = iphoneos;
				SWIFT_COMPILATION_MODE = wholemodule;
				SWIFT_OPTIMIZATION_LEVEL = "-O";
				VALIDATE_PRODUCT = YES;
			};
			name = Release;
		};
		95E503832565304700DDD45F /* Debug */ = {
			isa = XCBuildConfiguration;
			buildSettings = {
				ASSETCATALOG_COMPILER_APPICON_NAME = AppIcon;
				ASSETCATALOG_COMPILER_GLOBAL_ACCENT_COLOR_NAME = AccentColor;
				CODE_SIGN_STYLE = Automatic;
				DEVELOPMENT_ASSET_PATHS = "\"HeroAndSwipeDownToCloseAnimations/Preview Content\"";
				DEVELOPMENT_TEAM = L8W86DZDY2;
				ENABLE_PREVIEWS = YES;
				INFOPLIST_FILE = HeroAndSwipeDownToCloseAnimations/Info.plist;
				IPHONEOS_DEPLOYMENT_TARGET = 14.0;
				LD_RUNPATH_SEARCH_PATHS = (
					"$(inherited)",
					"@executable_path/Frameworks",
				);
				PRODUCT_BUNDLE_IDENTIFIER = com.ri.HeroAndSwipeDownToCloseAnimations;
				PRODUCT_NAME = "$(TARGET_NAME)";
				SWIFT_VERSION = 5.0;
				TARGETED_DEVICE_FAMILY = "1,2";
			};
			name = Debug;
		};
		95E503842565304700DDD45F /* Release */ = {
			isa = XCBuildConfiguration;
			buildSettings = {
				ASSETCATALOG_COMPILER_APPICON_NAME = AppIcon;
				ASSETCATALOG_COMPILER_GLOBAL_ACCENT_COLOR_NAME = AccentColor;
				CODE_SIGN_STYLE = Automatic;
				DEVELOPMENT_ASSET_PATHS = "\"HeroAndSwipeDownToCloseAnimations/Preview Content\"";
				DEVELOPMENT_TEAM = L8W86DZDY2;
				ENABLE_PREVIEWS = YES;
				INFOPLIST_FILE = HeroAndSwipeDownToCloseAnimations/Info.plist;
				IPHONEOS_DEPLOYMENT_TARGET = 14.0;
				LD_RUNPATH_SEARCH_PATHS = (
					"$(inherited)",
					"@executable_path/Frameworks",
				);
				PRODUCT_BUNDLE_IDENTIFIER = com.ri.HeroAndSwipeDownToCloseAnimations;
				PRODUCT_NAME = "$(TARGET_NAME)";
				SWIFT_VERSION = 5.0;
				TARGETED_DEVICE_FAMILY = "1,2";
			};
			name = Release;
		};
/* End XCBuildConfiguration section */

/* Begin XCConfigurationList section */
		95E5036E2565304400DDD45F /* Build configuration list for PBXProject "HeroAndSwipeDownToCloseAnimations" */ = {
			isa = XCConfigurationList;
			buildConfigurations = (
				95E503802565304700DDD45F /* Debug */,
				95E503812565304700DDD45F /* Release */,
			);
			defaultConfigurationIsVisible = 0;
			defaultConfigurationName = Release;
		};
		95E503822565304700DDD45F /* Build configuration list for PBXNativeTarget "HeroAndSwipeDownToCloseAnimations" */ = {
			isa = XCConfigurationList;
			buildConfigurations = (
				95E503832565304700DDD45F /* Debug */,
				95E503842565304700DDD45F /* Release */,
			);
			defaultConfigurationIsVisible = 0;
			defaultConfigurationName = Release;
		};
/* End XCConfigurationList section */
	};
	rootObject = 95E5036B2565304400DDD45F /* Project object */;
}
